# This file is automatically @generated by Cargo.
# It is not intended for manual editing.
version = 3

[[package]]
name = "autocfg"
version = "1.1.0"
source = "registry+https://github.com/rust-lang/crates.io-index"
checksum = "d468802bab17cbc0cc575e9b053f41e72aa36bfa6b7f55e3529ffa43161b97fa"

[[package]]
name = "num-traits"
version = "0.2.17"
source = "registry+https://github.com/rust-lang/crates.io-index"
checksum = "39e3200413f237f41ab11ad6d161bc7239c84dcb631773ccd7de3dfe4b5c267c"
dependencies = [
 "autocfg",
]

[[package]]
name = "rum_allocator"
version = "0.0.0"
dependencies = [
 "num-traits",
 "rum_container",
 "rum_profile",
]

[[package]]
name = "rum_buffer"
version = "0.0.0"

[[package]]
name = "rum_concurrent"
version = "0.0.0"

[[package]]
name = "rum_container"
version = "0.0.0"
dependencies = [
 "rum_math",
]

[[package]]
name = "rum_hash"
version = "0.0.0"

[[package]]
name = "rum_istring"
version = "0.0.0"
dependencies = [
 "rum_hash",
]

[[package]]
name = "rum_logger"
version = "0.0.0"
dependencies = [
 "rum_concurrent",
]

[[package]]
name = "rum_math"
version = "0.0.0"
dependencies = [
 "num-traits",
]

[[package]]
name = "rum_profile"
version = "0.0.0"
